// !$*UTF8*$!
{
	archiveVersion = 1;
	classes = {
	};
	objectVersion = 48;
	objects = {

/* Begin PBXBuildFile section */
		1A002F591FAB92A00065ED67 /* CustomButton.swift in Sources */ = {isa = PBXBuildFile; fileRef = 1A002F581FAB92A00065ED67 /* CustomButton.swift */; };
		1A3079551FB2D82800310FB8 /* CustomVisualEffectView.swift in Sources */ = {isa = PBXBuildFile; fileRef = 1A3079541FB2D82800310FB8 /* CustomVisualEffectView.swift */; };
		50832F82B409A1A5C6B4EB2D /* Pods_FeedrApp.framework in Frameworks */ = {isa = PBXBuildFile; fileRef = 55FB5A10ACCF9D498688882B /* Pods_FeedrApp.framework */; };
		53AC28881FAED86E005CAFAC /* libsqlite3.tbd in Frameworks */ = {isa = PBXBuildFile; fileRef = 53AC28871FAED867005CAFAC /* libsqlite3.tbd */; };
		53AC288D1FAEDABD005CAFAC /* CreateAllDatabases.swift in Sources */ = {isa = PBXBuildFile; fileRef = 53AC288C1FAEDABD005CAFAC /* CreateAllDatabases.swift */; };
		53CCD3421FD6033E009DDEC4 /* TabBarController.swift in Sources */ = {isa = PBXBuildFile; fileRef = 53CCD3411FD6033E009DDEC4 /* TabBarController.swift */; };
		614A77F61FAE7AF1009FFC03 /* HomeViewController.swift in Sources */ = {isa = PBXBuildFile; fileRef = 614A77F51FAE7AF1009FFC03 /* HomeViewController.swift */; };
		614A77F81FB79AF1009FFC03 /* ingredients.json in Resources */ = {isa = PBXBuildFile; fileRef = 614A77F71FB79AF0009FFC03 /* ingredients.json */; };
		61C8C94C1FC29946008EBD9B /* FavoritesVC.swift in Sources */ = {isa = PBXBuildFile; fileRef = 61C8C94B1FC29946008EBD9B /* FavoritesVC.swift */; };
		61D7F8031F9FBAF900AF317F /* RecipeSourceWebsiteVC.swift in Sources */ = {isa = PBXBuildFile; fileRef = 61D7F8021F9FBAF900AF317F /* RecipeSourceWebsiteVC.swift */; };
		9F06246D1F96A84A003ED25C /* RecipeDetailVC.swift in Sources */ = {isa = PBXBuildFile; fileRef = 9F06246C1F96A84A003ED25C /* RecipeDetailVC.swift */; };
		9F06246F1F994878003ED25C /* YummlyAPI.swift in Sources */ = {isa = PBXBuildFile; fileRef = 9F06246E1F994878003ED25C /* YummlyAPI.swift */; };
		9F0624711F9BD27F003ED25C /* RecipeSearchVC.swift in Sources */ = {isa = PBXBuildFile; fileRef = 9F0624701F9BD27F003ED25C /* RecipeSearchVC.swift */; };
		9F0624731F9BD3C1003ED25C /* UserLibraryVC.swift in Sources */ = {isa = PBXBuildFile; fileRef = 9F0624721F9BD3C1003ED25C /* UserLibraryVC.swift */; };
		9F0624751F9BD3E1003ED25C /* ShoppingListVC.swift in Sources */ = {isa = PBXBuildFile; fileRef = 9F0624741F9BD3E1003ED25C /* ShoppingListVC.swift */; };
		9FAA20821FAAD93200EBADDA /* PreferencesTableViewController.swift in Sources */ = {isa = PBXBuildFile; fileRef = 9FAA20811FAAD93200EBADDA /* PreferencesTableViewController.swift */; };
		9FB9B6541F8BDE1E004B26A9 /* AppDelegate.swift in Sources */ = {isa = PBXBuildFile; fileRef = 9FB9B6531F8BDE1E004B26A9 /* AppDelegate.swift */; };
		9FB9B6561F8BDE1E004B26A9 /* FirstVC.swift in Sources */ = {isa = PBXBuildFile; fileRef = 9FB9B6551F8BDE1E004B26A9 /* FirstVC.swift */; };
		9FB9B6581F8BDE1E004B26A9 /* SecondVC.swift in Sources */ = {isa = PBXBuildFile; fileRef = 9FB9B6571F8BDE1E004B26A9 /* SecondVC.swift */; };
		9FB9B65B1F8BDE1E004B26A9 /* Main.storyboard in Resources */ = {isa = PBXBuildFile; fileRef = 9FB9B6591F8BDE1E004B26A9 /* Main.storyboard */; };
		9FB9B65D1F8BDE1E004B26A9 /* Assets.xcassets in Resources */ = {isa = PBXBuildFile; fileRef = 9FB9B65C1F8BDE1E004B26A9 /* Assets.xcassets */; };
		9FB9B6601F8BDE1E004B26A9 /* LaunchScreen.storyboard in Resources */ = {isa = PBXBuildFile; fileRef = 9FB9B65E1F8BDE1E004B26A9 /* LaunchScreen.storyboard */; };
		9FB9B66B1F8BDE1E004B26A9 /* FeedrAppTests.swift in Sources */ = {isa = PBXBuildFile; fileRef = 9FB9B66A1F8BDE1E004B26A9 /* FeedrAppTests.swift */; };
		9FB9B6761F8BDE1F004B26A9 /* FeedrAppUITests.swift in Sources */ = {isa = PBXBuildFile; fileRef = 9FB9B6751F8BDE1F004B26A9 /* FeedrAppUITests.swift */; };
		9FB9B6861F8BF305004B26A9 /* LoginVC.swift in Sources */ = {isa = PBXBuildFile; fileRef = 9FB9B6851F8BF305004B26A9 /* LoginVC.swift */; };
		9FB9B6C81F8C001A004B26A9 /* UserProfileVC.swift in Sources */ = {isa = PBXBuildFile; fileRef = 9FB9B6C71F8C001A004B26A9 /* UserProfileVC.swift */; };
		9FE426251FD74504002954C6 /* TableViewController3.swift in Sources */ = {isa = PBXBuildFile; fileRef = 9FE426241FD74504002954C6 /* TableViewController3.swift */; };
		CE3C1458BD7FF43D1534F05F /* Pods_FeedrAppUITests.framework in Frameworks */ = {isa = PBXBuildFile; fileRef = 3391358FBB141059F63B7D6F /* Pods_FeedrAppUITests.framework */; };
		E3A71F2BA0C197B48F26B98F /* Pods_FeedrAppTests.framework in Frameworks */ = {isa = PBXBuildFile; fileRef = 777691536ED56AF7C4F5E2A6 /* Pods_FeedrAppTests.framework */; };
/* End PBXBuildFile section */

/* Begin PBXContainerItemProxy section */
		9FB9B6671F8BDE1E004B26A9 /* PBXContainerItemProxy */ = {
			isa = PBXContainerItemProxy;
			containerPortal = 9FB9B6481F8BDE1E004B26A9 /* Project object */;
			proxyType = 1;
			remoteGlobalIDString = 9FB9B64F1F8BDE1E004B26A9;
			remoteInfo = FeedrApp;
		};
		9FB9B6721F8BDE1E004B26A9 /* PBXContainerItemProxy */ = {
			isa = PBXContainerItemProxy;
			containerPortal = 9FB9B6481F8BDE1E004B26A9 /* Project object */;
			proxyType = 1;
			remoteGlobalIDString = 9FB9B64F1F8BDE1E004B26A9;
			remoteInfo = FeedrApp;
		};
/* End PBXContainerItemProxy section */

/* Begin PBXFileReference section */
		181B7369D4DD76A6B1A62716 /* Pods-FeedrAppUITests.release.xcconfig */ = {isa = PBXFileReference; includeInIndex = 1; lastKnownFileType = text.xcconfig; name = "Pods-FeedrAppUITests.release.xcconfig"; path = "Pods/Target Support Files/Pods-FeedrAppUITests/Pods-FeedrAppUITests.release.xcconfig"; sourceTree = "<group>"; };
		1A002F581FAB92A00065ED67 /* CustomButton.swift */ = {isa = PBXFileReference; lastKnownFileType = sourcecode.swift; path = CustomButton.swift; sourceTree = "<group>"; };
		1A3079541FB2D82800310FB8 /* CustomVisualEffectView.swift */ = {isa = PBXFileReference; lastKnownFileType = sourcecode.swift; path = CustomVisualEffectView.swift; sourceTree = "<group>"; };
		3391358FBB141059F63B7D6F /* Pods_FeedrAppUITests.framework */ = {isa = PBXFileReference; explicitFileType = wrapper.framework; includeInIndex = 0; path = Pods_FeedrAppUITests.framework; sourceTree = BUILT_PRODUCTS_DIR; };
		3445F274D5BC1B6DDD6BAA7E /* Pods-FeedrApp.debug.xcconfig */ = {isa = PBXFileReference; includeInIndex = 1; lastKnownFileType = text.xcconfig; name = "Pods-FeedrApp.debug.xcconfig"; path = "Pods/Target Support Files/Pods-FeedrApp/Pods-FeedrApp.debug.xcconfig"; sourceTree = "<group>"; };
		53AC28871FAED867005CAFAC /* libsqlite3.tbd */ = {isa = PBXFileReference; lastKnownFileType = "sourcecode.text-based-dylib-definition"; name = libsqlite3.tbd; path = usr/lib/libsqlite3.tbd; sourceTree = SDKROOT; };
		53AC28891FAED8B7005CAFAC /* FeedrApp-Bridging-Header.h */ = {isa = PBXFileReference; lastKnownFileType = sourcecode.c.h; path = "FeedrApp-Bridging-Header.h"; sourceTree = "<group>"; };
		53AC288C1FAEDABD005CAFAC /* CreateAllDatabases.swift */ = {isa = PBXFileReference; fileEncoding = 4; lastKnownFileType = sourcecode.swift; path = CreateAllDatabases.swift; sourceTree = "<group>"; };
		53CCD3411FD6033E009DDEC4 /* TabBarController.swift */ = {isa = PBXFileReference; lastKnownFileType = sourcecode.swift; path = TabBarController.swift; sourceTree = "<group>"; };
		55FB5A10ACCF9D498688882B /* Pods_FeedrApp.framework */ = {isa = PBXFileReference; explicitFileType = wrapper.framework; includeInIndex = 0; path = Pods_FeedrApp.framework; sourceTree = BUILT_PRODUCTS_DIR; };
		6125126367FCF7B8590F21E6 /* Pods-FeedrApp.release.xcconfig */ = {isa = PBXFileReference; includeInIndex = 1; lastKnownFileType = text.xcconfig; name = "Pods-FeedrApp.release.xcconfig"; path = "Pods/Target Support Files/Pods-FeedrApp/Pods-FeedrApp.release.xcconfig"; sourceTree = "<group>"; };
		614A77F51FAE7AF1009FFC03 /* HomeViewController.swift */ = {isa = PBXFileReference; fileEncoding = 4; lastKnownFileType = sourcecode.swift; path = HomeViewController.swift; sourceTree = "<group>"; };
		614A77F71FB79AF0009FFC03 /* ingredients.json */ = {isa = PBXFileReference; fileEncoding = 4; lastKnownFileType = text.json; path = ingredients.json; sourceTree = "<group>"; };
		61C8C94B1FC29946008EBD9B /* FavoritesVC.swift */ = {isa = PBXFileReference; lastKnownFileType = sourcecode.swift; path = FavoritesVC.swift; sourceTree = "<group>"; };
		61D7F8021F9FBAF900AF317F /* RecipeSourceWebsiteVC.swift */ = {isa = PBXFileReference; lastKnownFileType = sourcecode.swift; path = RecipeSourceWebsiteVC.swift; sourceTree = "<group>"; };
		777691536ED56AF7C4F5E2A6 /* Pods_FeedrAppTests.framework */ = {isa = PBXFileReference; explicitFileType = wrapper.framework; includeInIndex = 0; path = Pods_FeedrAppTests.framework; sourceTree = BUILT_PRODUCTS_DIR; };
		9F06246C1F96A84A003ED25C /* RecipeDetailVC.swift */ = {isa = PBXFileReference; lastKnownFileType = sourcecode.swift; path = RecipeDetailVC.swift; sourceTree = "<group>"; };
		9F06246E1F994878003ED25C /* YummlyAPI.swift */ = {isa = PBXFileReference; fileEncoding = 4; lastKnownFileType = sourcecode.swift; path = YummlyAPI.swift; sourceTree = "<group>"; };
		9F0624701F9BD27F003ED25C /* RecipeSearchVC.swift */ = {isa = PBXFileReference; lastKnownFileType = sourcecode.swift; path = RecipeSearchVC.swift; sourceTree = "<group>"; };
		9F0624721F9BD3C1003ED25C /* UserLibraryVC.swift */ = {isa = PBXFileReference; lastKnownFileType = sourcecode.swift; path = UserLibraryVC.swift; sourceTree = "<group>"; };
		9F0624741F9BD3E1003ED25C /* ShoppingListVC.swift */ = {isa = PBXFileReference; lastKnownFileType = sourcecode.swift; path = ShoppingListVC.swift; sourceTree = "<group>"; };
		9FAA20811FAAD93200EBADDA /* PreferencesTableViewController.swift */ = {isa = PBXFileReference; lastKnownFileType = sourcecode.swift; path = PreferencesTableViewController.swift; sourceTree = "<group>"; };
		9FB9B6501F8BDE1E004B26A9 /* FeedrApp.app */ = {isa = PBXFileReference; explicitFileType = wrapper.application; includeInIndex = 0; path = FeedrApp.app; sourceTree = BUILT_PRODUCTS_DIR; };
		9FB9B6531F8BDE1E004B26A9 /* AppDelegate.swift */ = {isa = PBXFileReference; lastKnownFileType = sourcecode.swift; path = AppDelegate.swift; sourceTree = "<group>"; };
		9FB9B6551F8BDE1E004B26A9 /* FirstVC.swift */ = {isa = PBXFileReference; lastKnownFileType = sourcecode.swift; path = FirstVC.swift; sourceTree = "<group>"; };
		9FB9B6571F8BDE1E004B26A9 /* SecondVC.swift */ = {isa = PBXFileReference; lastKnownFileType = sourcecode.swift; path = SecondVC.swift; sourceTree = "<group>"; };
		9FB9B65A1F8BDE1E004B26A9 /* Base */ = {isa = PBXFileReference; lastKnownFileType = file.storyboard; name = Base; path = Base.lproj/Main.storyboard; sourceTree = "<group>"; };
		9FB9B65C1F8BDE1E004B26A9 /* Assets.xcassets */ = {isa = PBXFileReference; lastKnownFileType = folder.assetcatalog; path = Assets.xcassets; sourceTree = "<group>"; };
		9FB9B65F1F8BDE1E004B26A9 /* Base */ = {isa = PBXFileReference; lastKnownFileType = file.storyboard; name = Base; path = Base.lproj/LaunchScreen.storyboard; sourceTree = "<group>"; };
		9FB9B6611F8BDE1E004B26A9 /* Info.plist */ = {isa = PBXFileReference; lastKnownFileType = text.plist.xml; path = Info.plist; sourceTree = "<group>"; };
		9FB9B6661F8BDE1E004B26A9 /* FeedrAppTests.xctest */ = {isa = PBXFileReference; explicitFileType = wrapper.cfbundle; includeInIndex = 0; path = FeedrAppTests.xctest; sourceTree = BUILT_PRODUCTS_DIR; };
		9FB9B66A1F8BDE1E004B26A9 /* FeedrAppTests.swift */ = {isa = PBXFileReference; lastKnownFileType = sourcecode.swift; path = FeedrAppTests.swift; sourceTree = "<group>"; };
		9FB9B66C1F8BDE1E004B26A9 /* Info.plist */ = {isa = PBXFileReference; lastKnownFileType = text.plist.xml; path = Info.plist; sourceTree = "<group>"; };
		9FB9B6711F8BDE1E004B26A9 /* FeedrAppUITests.xctest */ = {isa = PBXFileReference; explicitFileType = wrapper.cfbundle; includeInIndex = 0; path = FeedrAppUITests.xctest; sourceTree = BUILT_PRODUCTS_DIR; };
		9FB9B6751F8BDE1F004B26A9 /* FeedrAppUITests.swift */ = {isa = PBXFileReference; lastKnownFileType = sourcecode.swift; path = FeedrAppUITests.swift; sourceTree = "<group>"; };
		9FB9B6771F8BDE1F004B26A9 /* Info.plist */ = {isa = PBXFileReference; lastKnownFileType = text.plist.xml; path = Info.plist; sourceTree = "<group>"; };
		9FB9B6851F8BF305004B26A9 /* LoginVC.swift */ = {isa = PBXFileReference; lastKnownFileType = sourcecode.swift; path = LoginVC.swift; sourceTree = "<group>"; };
		9FB9B6C71F8C001A004B26A9 /* UserProfileVC.swift */ = {isa = PBXFileReference; lastKnownFileType = sourcecode.swift; path = UserProfileVC.swift; sourceTree = "<group>"; };
		9FE426241FD74504002954C6 /* TableViewController3.swift */ = {isa = PBXFileReference; lastKnownFileType = sourcecode.swift; path = TableViewController3.swift; sourceTree = "<group>"; };
		B3A621FE064A2FF38CA16B30 /* Pods-FeedrAppTests.debug.xcconfig */ = {isa = PBXFileReference; includeInIndex = 1; lastKnownFileType = text.xcconfig; name = "Pods-FeedrAppTests.debug.xcconfig"; path = "Pods/Target Support Files/Pods-FeedrAppTests/Pods-FeedrAppTests.debug.xcconfig"; sourceTree = "<group>"; };
		B8D1A32F45FBEF3FBB62B6BD /* Pods-FeedrAppTests.release.xcconfig */ = {isa = PBXFileReference; includeInIndex = 1; lastKnownFileType = text.xcconfig; name = "Pods-FeedrAppTests.release.xcconfig"; path = "Pods/Target Support Files/Pods-FeedrAppTests/Pods-FeedrAppTests.release.xcconfig"; sourceTree = "<group>"; };
		F0B62A95F058969E17C93912 /* Pods-FeedrAppUITests.debug.xcconfig */ = {isa = PBXFileReference; includeInIndex = 1; lastKnownFileType = text.xcconfig; name = "Pods-FeedrAppUITests.debug.xcconfig"; path = "Pods/Target Support Files/Pods-FeedrAppUITests/Pods-FeedrAppUITests.debug.xcconfig"; sourceTree = "<group>"; };
/* End PBXFileReference section */

/* Begin PBXFrameworksBuildPhase section */
		9FB9B64D1F8BDE1E004B26A9 /* Frameworks */ = {
			isa = PBXFrameworksBuildPhase;
			buildActionMask = 2147483647;
			files = (
				53AC28881FAED86E005CAFAC /* libsqlite3.tbd in Frameworks */,
				50832F82B409A1A5C6B4EB2D /* Pods_FeedrApp.framework in Frameworks */,
			);
			runOnlyForDeploymentPostprocessing = 0;
		};
		9FB9B6631F8BDE1E004B26A9 /* Frameworks */ = {
			isa = PBXFrameworksBuildPhase;
			buildActionMask = 2147483647;
			files = (
				E3A71F2BA0C197B48F26B98F /* Pods_FeedrAppTests.framework in Frameworks */,
			);
			runOnlyForDeploymentPostprocessing = 0;
		};
		9FB9B66E1F8BDE1E004B26A9 /* Frameworks */ = {
			isa = PBXFrameworksBuildPhase;
			buildActionMask = 2147483647;
			files = (
				CE3C1458BD7FF43D1534F05F /* Pods_FeedrAppUITests.framework in Frameworks */,
			);
			runOnlyForDeploymentPostprocessing = 0;
		};
/* End PBXFrameworksBuildPhase section */

/* Begin PBXGroup section */
		53AC28861FAED866005CAFAC /* Frameworks */ = {
			isa = PBXGroup;
			children = (
				53AC28871FAED867005CAFAC /* libsqlite3.tbd */,
				55FB5A10ACCF9D498688882B /* Pods_FeedrApp.framework */,
				777691536ED56AF7C4F5E2A6 /* Pods_FeedrAppTests.framework */,
				3391358FBB141059F63B7D6F /* Pods_FeedrAppUITests.framework */,
			);
			name = Frameworks;
			sourceTree = "<group>";
		};
		7B70A6B9DAB92D23656EC94A /* Pods */ = {
			isa = PBXGroup;
			children = (
				3445F274D5BC1B6DDD6BAA7E /* Pods-FeedrApp.debug.xcconfig */,
				6125126367FCF7B8590F21E6 /* Pods-FeedrApp.release.xcconfig */,
				B3A621FE064A2FF38CA16B30 /* Pods-FeedrAppTests.debug.xcconfig */,
				B8D1A32F45FBEF3FBB62B6BD /* Pods-FeedrAppTests.release.xcconfig */,
				F0B62A95F058969E17C93912 /* Pods-FeedrAppUITests.debug.xcconfig */,
				181B7369D4DD76A6B1A62716 /* Pods-FeedrAppUITests.release.xcconfig */,
			);
			name = Pods;
			sourceTree = "<group>";
		};
		9FB9B6471F8BDE1E004B26A9 = {
			isa = PBXGroup;
			children = (
				9FB9B6521F8BDE1E004B26A9 /* FeedrApp */,
				9FB9B6691F8BDE1E004B26A9 /* FeedrAppTests */,
				9FB9B6741F8BDE1F004B26A9 /* FeedrAppUITests */,
				9FB9B6511F8BDE1E004B26A9 /* Products */,
				53AC28861FAED866005CAFAC /* Frameworks */,
				7B70A6B9DAB92D23656EC94A /* Pods */,
			);
			sourceTree = "<group>";
		};
		9FB9B6511F8BDE1E004B26A9 /* Products */ = {
			isa = PBXGroup;
			children = (
				9FB9B6501F8BDE1E004B26A9 /* FeedrApp.app */,
				9FB9B6661F8BDE1E004B26A9 /* FeedrAppTests.xctest */,
				9FB9B6711F8BDE1E004B26A9 /* FeedrAppUITests.xctest */,
			);
			name = Products;
			sourceTree = "<group>";
		};
		9FB9B6521F8BDE1E004B26A9 /* FeedrApp */ = {
			isa = PBXGroup;
			children = (
				614A77F71FB79AF0009FFC03 /* ingredients.json */,
				614A77F51FAE7AF1009FFC03 /* HomeViewController.swift */,
				9FB9B6531F8BDE1E004B26A9 /* AppDelegate.swift */,
				9FB9B6851F8BF305004B26A9 /* LoginVC.swift */,
				9F0624701F9BD27F003ED25C /* RecipeSearchVC.swift */,
				61C8C94B1FC29946008EBD9B /* FavoritesVC.swift */,
				9FB9B6551F8BDE1E004B26A9 /* FirstVC.swift */,
				9FB9B6571F8BDE1E004B26A9 /* SecondVC.swift */,
				9F06246C1F96A84A003ED25C /* RecipeDetailVC.swift */,
				61D7F8021F9FBAF900AF317F /* RecipeSourceWebsiteVC.swift */,
				53AC288C1FAEDABD005CAFAC /* CreateAllDatabases.swift */,
				9F0624741F9BD3E1003ED25C /* ShoppingListVC.swift */,
				9F0624721F9BD3C1003ED25C /* UserLibraryVC.swift */,
				9FB9B6C71F8C001A004B26A9 /* UserProfileVC.swift */,
				53CCD3411FD6033E009DDEC4 /* TabBarController.swift */,
				9F06246E1F994878003ED25C /* YummlyAPI.swift */,
				9FB9B6591F8BDE1E004B26A9 /* Main.storyboard */,
				1A3079541FB2D82800310FB8 /* CustomVisualEffectView.swift */,
				9FB9B65C1F8BDE1E004B26A9 /* Assets.xcassets */,
				9FB9B65E1F8BDE1E004B26A9 /* LaunchScreen.storyboard */,
				9FB9B6611F8BDE1E004B26A9 /* Info.plist */,
				9FAA20811FAAD93200EBADDA /* PreferencesTableViewController.swift */,
				1A002F581FAB92A00065ED67 /* CustomButton.swift */,
				53AC28891FAED8B7005CAFAC /* FeedrApp-Bridging-Header.h */,
				9FE426241FD74504002954C6 /* TableViewController3.swift */,
			);
			path = FeedrApp;
			sourceTree = "<group>";
		};
		9FB9B6691F8BDE1E004B26A9 /* FeedrAppTests */ = {
			isa = PBXGroup;
			children = (
				9FB9B66A1F8BDE1E004B26A9 /* FeedrAppTests.swift */,
				9FB9B66C1F8BDE1E004B26A9 /* Info.plist */,
			);
			path = FeedrAppTests;
			sourceTree = "<group>";
		};
		9FB9B6741F8BDE1F004B26A9 /* FeedrAppUITests */ = {
			isa = PBXGroup;
			children = (
				9FB9B6751F8BDE1F004B26A9 /* FeedrAppUITests.swift */,
				9FB9B6771F8BDE1F004B26A9 /* Info.plist */,
			);
			path = FeedrAppUITests;
			sourceTree = "<group>";
		};
/* End PBXGroup section */

/* Begin PBXNativeTarget section */
		9FB9B64F1F8BDE1E004B26A9 /* FeedrApp */ = {
			isa = PBXNativeTarget;
			buildConfigurationList = 9FB9B67A1F8BDE1F004B26A9 /* Build configuration list for PBXNativeTarget "FeedrApp" */;
			buildPhases = (
				28358BB6A94A65E4023552E8 /* [CP] Check Pods Manifest.lock */,
				9FB9B64C1F8BDE1E004B26A9 /* Sources */,
				9FB9B64D1F8BDE1E004B26A9 /* Frameworks */,
				9FB9B64E1F8BDE1E004B26A9 /* Resources */,
				D026FF10FE973355CC7091BC /* [CP] Embed Pods Frameworks */,
				FBF54F12C7C89FFA48D7DC44 /* [CP] Copy Pods Resources */,
			);
			buildRules = (
			);
			dependencies = (
			);
			name = FeedrApp;
			productName = FeedrApp;
			productReference = 9FB9B6501F8BDE1E004B26A9 /* FeedrApp.app */;
			productType = "com.apple.product-type.application";
		};
		9FB9B6651F8BDE1E004B26A9 /* FeedrAppTests */ = {
			isa = PBXNativeTarget;
			buildConfigurationList = 9FB9B67D1F8BDE1F004B26A9 /* Build configuration list for PBXNativeTarget "FeedrAppTests" */;
			buildPhases = (
				6A956D68B6EBD30C1AFD95EC /* [CP] Check Pods Manifest.lock */,
				9FB9B6621F8BDE1E004B26A9 /* Sources */,
				9FB9B6631F8BDE1E004B26A9 /* Frameworks */,
				9FB9B6641F8BDE1E004B26A9 /* Resources */,
				6E86F60310B8254C885EAF00 /* [CP] Embed Pods Frameworks */,
				B9EF5BF8506A308DA29C79BF /* [CP] Copy Pods Resources */,
			);
			buildRules = (
			);
			dependencies = (
				9FB9B6681F8BDE1E004B26A9 /* PBXTargetDependency */,
			);
			name = FeedrAppTests;
			productName = FeedrAppTests;
			productReference = 9FB9B6661F8BDE1E004B26A9 /* FeedrAppTests.xctest */;
			productType = "com.apple.product-type.bundle.unit-test";
		};
		9FB9B6701F8BDE1E004B26A9 /* FeedrAppUITests */ = {
			isa = PBXNativeTarget;
			buildConfigurationList = 9FB9B6801F8BDE1F004B26A9 /* Build configuration list for PBXNativeTarget "FeedrAppUITests" */;
			buildPhases = (
				47AA575CBF57F3557A5ACC81 /* [CP] Check Pods Manifest.lock */,
				9FB9B66D1F8BDE1E004B26A9 /* Sources */,
				9FB9B66E1F8BDE1E004B26A9 /* Frameworks */,
				9FB9B66F1F8BDE1E004B26A9 /* Resources */,
				CD1D1781C2DECE8DDA8A0252 /* [CP] Embed Pods Frameworks */,
				EF947DB924F852AF0F52FDE3 /* [CP] Copy Pods Resources */,
			);
			buildRules = (
			);
			dependencies = (
				9FB9B6731F8BDE1E004B26A9 /* PBXTargetDependency */,
			);
			name = FeedrAppUITests;
			productName = FeedrAppUITests;
			productReference = 9FB9B6711F8BDE1E004B26A9 /* FeedrAppUITests.xctest */;
			productType = "com.apple.product-type.bundle.ui-testing";
		};
/* End PBXNativeTarget section */

/* Begin PBXProject section */
		9FB9B6481F8BDE1E004B26A9 /* Project object */ = {
			isa = PBXProject;
			attributes = {
				LastSwiftUpdateCheck = 0900;
				LastUpgradeCheck = 0900;
				ORGANIZATIONNAME = Team9;
				TargetAttributes = {
					9FB9B64F1F8BDE1E004B26A9 = {
						CreatedOnToolsVersion = 9.0;
						LastSwiftMigration = 0910;
						ProvisioningStyle = Automatic;
					};
					9FB9B6651F8BDE1E004B26A9 = {
						CreatedOnToolsVersion = 9.0;
						ProvisioningStyle = Automatic;
						TestTargetID = 9FB9B64F1F8BDE1E004B26A9;
					};
					9FB9B6701F8BDE1E004B26A9 = {
						CreatedOnToolsVersion = 9.0;
						ProvisioningStyle = Automatic;
						TestTargetID = 9FB9B64F1F8BDE1E004B26A9;
					};
				};
			};
			buildConfigurationList = 9FB9B64B1F8BDE1E004B26A9 /* Build configuration list for PBXProject "FeedrApp" */;
			compatibilityVersion = "Xcode 8.0";
			developmentRegion = en;
			hasScannedForEncodings = 0;
			knownRegions = (
				en,
				Base,
			);
			mainGroup = 9FB9B6471F8BDE1E004B26A9;
			productRefGroup = 9FB9B6511F8BDE1E004B26A9 /* Products */;
			projectDirPath = "";
			projectRoot = "";
			targets = (
				9FB9B64F1F8BDE1E004B26A9 /* FeedrApp */,
				9FB9B6651F8BDE1E004B26A9 /* FeedrAppTests */,
				9FB9B6701F8BDE1E004B26A9 /* FeedrAppUITests */,
			);
		};
/* End PBXProject section */

/* Begin PBXResourcesBuildPhase section */
		9FB9B64E1F8BDE1E004B26A9 /* Resources */ = {
			isa = PBXResourcesBuildPhase;
			buildActionMask = 2147483647;
			files = (
				614A77F81FB79AF1009FFC03 /* ingredients.json in Resources */,
				9FB9B6601F8BDE1E004B26A9 /* LaunchScreen.storyboard in Resources */,
				9FB9B65D1F8BDE1E004B26A9 /* Assets.xcassets in Resources */,
				9FB9B65B1F8BDE1E004B26A9 /* Main.storyboard in Resources */,
			);
			runOnlyForDeploymentPostprocessing = 0;
		};
		9FB9B6641F8BDE1E004B26A9 /* Resources */ = {
			isa = PBXResourcesBuildPhase;
			buildActionMask = 2147483647;
			files = (
			);
			runOnlyForDeploymentPostprocessing = 0;
		};
		9FB9B66F1F8BDE1E004B26A9 /* Resources */ = {
			isa = PBXResourcesBuildPhase;
			buildActionMask = 2147483647;
			files = (
			);
			runOnlyForDeploymentPostprocessing = 0;
		};
/* End PBXResourcesBuildPhase section */

/* Begin PBXShellScriptBuildPhase section */
		28358BB6A94A65E4023552E8 /* [CP] Check Pods Manifest.lock */ = {
			isa = PBXShellScriptBuildPhase;
			buildActionMask = 2147483647;
			files = (
			);
			inputPaths = (
				"${PODS_PODFILE_DIR_PATH}/Podfile.lock",
				"${PODS_ROOT}/Manifest.lock",
			);
			name = "[CP] Check Pods Manifest.lock";
			outputPaths = (
				"$(DERIVED_FILE_DIR)/Pods-FeedrApp-checkManifestLockResult.txt",
			);
			runOnlyForDeploymentPostprocessing = 0;
			shellPath = /bin/sh;
			shellScript = "diff \"${PODS_PODFILE_DIR_PATH}/Podfile.lock\" \"${PODS_ROOT}/Manifest.lock\" > /dev/null\nif [ $? != 0 ] ; then\n    # print error to STDERR\n    echo \"error: The sandbox is not in sync with the Podfile.lock. Run 'pod install' or update your CocoaPods installation.\" >&2\n    exit 1\nfi\n# This output is used by Xcode 'outputs' to avoid re-running this script phase.\necho \"SUCCESS\" > \"${SCRIPT_OUTPUT_FILE_0}\"\n";
			showEnvVarsInLog = 0;
		};
		47AA575CBF57F3557A5ACC81 /* [CP] Check Pods Manifest.lock */ = {
			isa = PBXShellScriptBuildPhase;
			buildActionMask = 2147483647;
			files = (
			);
			inputPaths = (
				"${PODS_PODFILE_DIR_PATH}/Podfile.lock",
				"${PODS_ROOT}/Manifest.lock",
			);
			name = "[CP] Check Pods Manifest.lock";
			outputPaths = (
				"$(DERIVED_FILE_DIR)/Pods-FeedrAppUITests-checkManifestLockResult.txt",
			);
			runOnlyForDeploymentPostprocessing = 0;
			shellPath = /bin/sh;
			shellScript = "diff \"${PODS_PODFILE_DIR_PATH}/Podfile.lock\" \"${PODS_ROOT}/Manifest.lock\" > /dev/null\nif [ $? != 0 ] ; then\n    # print error to STDERR\n    echo \"error: The sandbox is not in sync with the Podfile.lock. Run 'pod install' or update your CocoaPods installation.\" >&2\n    exit 1\nfi\n# This output is used by Xcode 'outputs' to avoid re-running this script phase.\necho \"SUCCESS\" > \"${SCRIPT_OUTPUT_FILE_0}\"\n";
			showEnvVarsInLog = 0;
		};
		6A956D68B6EBD30C1AFD95EC /* [CP] Check Pods Manifest.lock */ = {
			isa = PBXShellScriptBuildPhase;
			buildActionMask = 2147483647;
			files = (
			);
			inputPaths = (
				"${PODS_PODFILE_DIR_PATH}/Podfile.lock",
				"${PODS_ROOT}/Manifest.lock",
			);
			name = "[CP] Check Pods Manifest.lock";
			outputPaths = (
				"$(DERIVED_FILE_DIR)/Pods-FeedrAppTests-checkManifestLockResult.txt",
			);
			runOnlyForDeploymentPostprocessing = 0;
			shellPath = /bin/sh;
			shellScript = "diff \"${PODS_PODFILE_DIR_PATH}/Podfile.lock\" \"${PODS_ROOT}/Manifest.lock\" > /dev/null\nif [ $? != 0 ] ; then\n    # print error to STDERR\n    echo \"error: The sandbox is not in sync with the Podfile.lock. Run 'pod install' or update your CocoaPods installation.\" >&2\n    exit 1\nfi\n# This output is used by Xcode 'outputs' to avoid re-running this script phase.\necho \"SUCCESS\" > \"${SCRIPT_OUTPUT_FILE_0}\"\n";
			showEnvVarsInLog = 0;
		};
		6E86F60310B8254C885EAF00 /* [CP] Embed Pods Frameworks */ = {
			isa = PBXShellScriptBuildPhase;
			buildActionMask = 2147483647;
			files = (
			);
			inputPaths = (
			);
			name = "[CP] Embed Pods Frameworks";
			outputPaths = (
			);
			runOnlyForDeploymentPostprocessing = 0;
			shellPath = /bin/sh;
			shellScript = "\"${SRCROOT}/Pods/Target Support Files/Pods-FeedrAppTests/Pods-FeedrAppTests-frameworks.sh\"\n";
			showEnvVarsInLog = 0;
		};
		B9EF5BF8506A308DA29C79BF /* [CP] Copy Pods Resources */ = {
			isa = PBXShellScriptBuildPhase;
			buildActionMask = 2147483647;
			files = (
			);
			inputPaths = (
			);
			name = "[CP] Copy Pods Resources";
			outputPaths = (
			);
			runOnlyForDeploymentPostprocessing = 0;
			shellPath = /bin/sh;
			shellScript = "\"${SRCROOT}/Pods/Target Support Files/Pods-FeedrAppTests/Pods-FeedrAppTests-resources.sh\"\n";
			showEnvVarsInLog = 0;
		};
		CD1D1781C2DECE8DDA8A0252 /* [CP] Embed Pods Frameworks */ = {
			isa = PBXShellScriptBuildPhase;
			buildActionMask = 2147483647;
			files = (
			);
			inputPaths = (
			);
			name = "[CP] Embed Pods Frameworks";
			outputPaths = (
			);
			runOnlyForDeploymentPostprocessing = 0;
			shellPath = /bin/sh;
			shellScript = "\"${SRCROOT}/Pods/Target Support Files/Pods-FeedrAppUITests/Pods-FeedrAppUITests-frameworks.sh\"\n";
			showEnvVarsInLog = 0;
		};
		D026FF10FE973355CC7091BC /* [CP] Embed Pods Frameworks */ = {
			isa = PBXShellScriptBuildPhase;
			buildActionMask = 2147483647;
			files = (
			);
			inputPaths = (
				"${SRCROOT}/Pods/Target Support Files/Pods-FeedrApp/Pods-FeedrApp-frameworks.sh",
				"${BUILT_PRODUCTS_DIR}/DDSpiderChart/DDSpiderChart.framework",
			);
			name = "[CP] Embed Pods Frameworks";
			outputPaths = (
				"${TARGET_BUILD_DIR}/${FRAMEWORKS_FOLDER_PATH}/DDSpiderChart.framework",
			);
			runOnlyForDeploymentPostprocessing = 0;
			shellPath = /bin/sh;
			shellScript = "\"${SRCROOT}/Pods/Target Support Files/Pods-FeedrApp/Pods-FeedrApp-frameworks.sh\"\n";
			showEnvVarsInLog = 0;
		};
		EF947DB924F852AF0F52FDE3 /* [CP] Copy Pods Resources */ = {
			isa = PBXShellScriptBuildPhase;
			buildActionMask = 2147483647;
			files = (
			);
			inputPaths = (
			);
			name = "[CP] Copy Pods Resources";
			outputPaths = (
			);
			runOnlyForDeploymentPostprocessing = 0;
			shellPath = /bin/sh;
			shellScript = "\"${SRCROOT}/Pods/Target Support Files/Pods-FeedrAppUITests/Pods-FeedrAppUITests-resources.sh\"\n";
			showEnvVarsInLog = 0;
		};
		FBF54F12C7C89FFA48D7DC44 /* [CP] Copy Pods Resources */ = {
			isa = PBXShellScriptBuildPhase;
			buildActionMask = 2147483647;
			files = (
			);
			inputPaths = (
			);
			name = "[CP] Copy Pods Resources";
			outputPaths = (
			);
			runOnlyForDeploymentPostprocessing = 0;
			shellPath = /bin/sh;
			shellScript = "\"${SRCROOT}/Pods/Target Support Files/Pods-FeedrApp/Pods-FeedrApp-resources.sh\"\n";
			showEnvVarsInLog = 0;
		};
/* End PBXShellScriptBuildPhase section */

/* Begin PBXSourcesBuildPhase section */
		9FB9B64C1F8BDE1E004B26A9 /* Sources */ = {
			isa = PBXSourcesBuildPhase;
			buildActionMask = 2147483647;
			files = (
				1A002F591FAB92A00065ED67 /* CustomButton.swift in Sources */,
				9FB9B6581F8BDE1E004B26A9 /* SecondVC.swift in Sources */,
				9FE426251FD74504002954C6 /* TableViewController3.swift in Sources */,
				9F0624711F9BD27F003ED25C /* RecipeSearchVC.swift in Sources */,
				53CCD3421FD6033E009DDEC4 /* TabBarController.swift in Sources */,
				9FB9B6C81F8C001A004B26A9 /* UserProfileVC.swift in Sources */,
				9F0624731F9BD3C1003ED25C /* UserLibraryVC.swift in Sources */,
				614A77F61FAE7AF1009FFC03 /* HomeViewController.swift in Sources */,
				61C8C94C1FC29946008EBD9B /* FavoritesVC.swift in Sources */,
				9FAA20821FAAD93200EBADDA /* PreferencesTableViewController.swift in Sources */,
				9FB9B6541F8BDE1E004B26A9 /* AppDelegate.swift in Sources */,
				61D7F8031F9FBAF900AF317F /* RecipeSourceWebsiteVC.swift in Sources */,
				9F06246D1F96A84A003ED25C /* RecipeDetailVC.swift in Sources */,
				9F0624751F9BD3E1003ED25C /* ShoppingListVC.swift in Sources */,
				9F06246F1F994878003ED25C /* YummlyAPI.swift in Sources */,
				9FB9B6561F8BDE1E004B26A9 /* FirstVC.swift in Sources */,
				53AC288D1FAEDABD005CAFAC /* CreateAllDatabases.swift in Sources */,
				1A3079551FB2D82800310FB8 /* CustomVisualEffectView.swift in Sources */,
				9FB9B6861F8BF305004B26A9 /* LoginVC.swift in Sources */,
			);
			runOnlyForDeploymentPostprocessing = 0;
		};
		9FB9B6621F8BDE1E004B26A9 /* Sources */ = {
			isa = PBXSourcesBuildPhase;
			buildActionMask = 2147483647;
			files = (
				9FB9B66B1F8BDE1E004B26A9 /* FeedrAppTests.swift in Sources */,
			);
			runOnlyForDeploymentPostprocessing = 0;
		};
		9FB9B66D1F8BDE1E004B26A9 /* Sources */ = {
			isa = PBXSourcesBuildPhase;
			buildActionMask = 2147483647;
			files = (
				9FB9B6761F8BDE1F004B26A9 /* FeedrAppUITests.swift in Sources */,
			);
			runOnlyForDeploymentPostprocessing = 0;
		};
/* End PBXSourcesBuildPhase section */

/* Begin PBXTargetDependency section */
		9FB9B6681F8BDE1E004B26A9 /* PBXTargetDependency */ = {
			isa = PBXTargetDependency;
			target = 9FB9B64F1F8BDE1E004B26A9 /* FeedrApp */;
			targetProxy = 9FB9B6671F8BDE1E004B26A9 /* PBXContainerItemProxy */;
		};
		9FB9B6731F8BDE1E004B26A9 /* PBXTargetDependency */ = {
			isa = PBXTargetDependency;
			target = 9FB9B64F1F8BDE1E004B26A9 /* FeedrApp */;
			targetProxy = 9FB9B6721F8BDE1E004B26A9 /* PBXContainerItemProxy */;
		};
/* End PBXTargetDependency section */

/* Begin PBXVariantGroup section */
		9FB9B6591F8BDE1E004B26A9 /* Main.storyboard */ = {
			isa = PBXVariantGroup;
			children = (
				9FB9B65A1F8BDE1E004B26A9 /* Base */,
			);
			name = Main.storyboard;
			sourceTree = "<group>";
		};
		9FB9B65E1F8BDE1E004B26A9 /* LaunchScreen.storyboard */ = {
			isa = PBXVariantGroup;
			children = (
				9FB9B65F1F8BDE1E004B26A9 /* Base */,
			);
			name = LaunchScreen.storyboard;
			sourceTree = "<group>";
		};
/* End PBXVariantGroup section */

/* Begin XCBuildConfiguration section */
		9FB9B6781F8BDE1F004B26A9 /* Debug */ = {
			isa = XCBuildConfiguration;
			buildSettings = {
				ALWAYS_SEARCH_USER_PATHS = NO;
				CLANG_ANALYZER_NONNULL = YES;
				CLANG_ANALYZER_NUMBER_OBJECT_CONVERSION = YES_AGGRESSIVE;
				CLANG_CXX_LANGUAGE_STANDARD = "gnu++14";
				CLANG_CXX_LIBRARY = "libc++";
				CLANG_ENABLE_MODULES = YES;
				CLANG_ENABLE_OBJC_ARC = YES;
				CLANG_WARN_BLOCK_CAPTURE_AUTORELEASING = YES;
				CLANG_WARN_BOOL_CONVERSION = YES;
				CLANG_WARN_COMMA = YES;
				CLANG_WARN_CONSTANT_CONVERSION = YES;
				CLANG_WARN_DIRECT_OBJC_ISA_USAGE = YES_ERROR;
				CLANG_WARN_DOCUMENTATION_COMMENTS = YES;
				CLANG_WARN_EMPTY_BODY = YES;
				CLANG_WARN_ENUM_CONVERSION = YES;
				CLANG_WARN_INFINITE_RECURSION = YES;
				CLANG_WARN_INT_CONVERSION = YES;
				CLANG_WARN_NON_LITERAL_NULL_CONVERSION = YES;
				CLANG_WARN_OBJC_LITERAL_CONVERSION = YES;
				CLANG_WARN_OBJC_ROOT_CLASS = YES_ERROR;
				CLANG_WARN_RANGE_LOOP_ANALYSIS = YES;
				CLANG_WARN_STRICT_PROTOTYPES = YES;
				CLANG_WARN_SUSPICIOUS_MOVE = YES;
				CLANG_WARN_UNGUARDED_AVAILABILITY = YES_AGGRESSIVE;
				CLANG_WARN_UNREACHABLE_CODE = YES;
				CLANG_WARN__DUPLICATE_METHOD_MATCH = YES;
				CODE_SIGN_IDENTITY = "iPhone Developer";
				COPY_PHASE_STRIP = NO;
				DEBUG_INFORMATION_FORMAT = dwarf;
				ENABLE_STRICT_OBJC_MSGSEND = YES;
				ENABLE_TESTABILITY = YES;
				GCC_C_LANGUAGE_STANDARD = gnu11;
				GCC_DYNAMIC_NO_PIC = NO;
				GCC_NO_COMMON_BLOCKS = YES;
				GCC_OPTIMIZATION_LEVEL = 0;
				GCC_PREPROCESSOR_DEFINITIONS = (
					"DEBUG=1",
					"$(inherited)",
				);
				GCC_WARN_64_TO_32_BIT_CONVERSION = YES;
				GCC_WARN_ABOUT_RETURN_TYPE = YES_ERROR;
				GCC_WARN_UNDECLARED_SELECTOR = YES;
				GCC_WARN_UNINITIALIZED_AUTOS = YES_AGGRESSIVE;
				GCC_WARN_UNUSED_FUNCTION = YES;
				GCC_WARN_UNUSED_VARIABLE = YES;
				IPHONEOS_DEPLOYMENT_TARGET = 11.0;
				MTL_ENABLE_DEBUG_INFO = YES;
				ONLY_ACTIVE_ARCH = YES;
				SDKROOT = iphoneos;
				SWIFT_ACTIVE_COMPILATION_CONDITIONS = DEBUG;
				SWIFT_OPTIMIZATION_LEVEL = "-Onone";
			};
			name = Debug;
		};
		9FB9B6791F8BDE1F004B26A9 /* Release */ = {
			isa = XCBuildConfiguration;
			buildSettings = {
				ALWAYS_SEARCH_USER_PATHS = NO;
				CLANG_ANALYZER_NONNULL = YES;
				CLANG_ANALYZER_NUMBER_OBJECT_CONVERSION = YES_AGGRESSIVE;
				CLANG_CXX_LANGUAGE_STANDARD = "gnu++14";
				CLANG_CXX_LIBRARY = "libc++";
				CLANG_ENABLE_MODULES = YES;
				CLANG_ENABLE_OBJC_ARC = YES;
				CLANG_WARN_BLOCK_CAPTURE_AUTORELEASING = YES;
				CLANG_WARN_BOOL_CONVERSION = YES;
				CLANG_WARN_COMMA = YES;
				CLANG_WARN_CONSTANT_CONVERSION = YES;
				CLANG_WARN_DIRECT_OBJC_ISA_USAGE = YES_ERROR;
				CLANG_WARN_DOCUMENTATION_COMMENTS = YES;
				CLANG_WARN_EMPTY_BODY = YES;
				CLANG_WARN_ENUM_CONVERSION = YES;
				CLANG_WARN_INFINITE_RECURSION = YES;
				CLANG_WARN_INT_CONVERSION = YES;
				CLANG_WARN_NON_LITERAL_NULL_CONVERSION = YES;
				CLANG_WARN_OBJC_LITERAL_CONVERSION = YES;
				CLANG_WARN_OBJC_ROOT_CLASS = YES_ERROR;
				CLANG_WARN_RANGE_LOOP_ANALYSIS = YES;
				CLANG_WARN_STRICT_PROTOTYPES = YES;
				CLANG_WARN_SUSPICIOUS_MOVE = YES;
				CLANG_WARN_UNGUARDED_AVAILABILITY = YES_AGGRESSIVE;
				CLANG_WARN_UNREACHABLE_CODE = YES;
				CLANG_WARN__DUPLICATE_METHOD_MATCH = YES;
				CODE_SIGN_IDENTITY = "iPhone Developer";
				COPY_PHASE_STRIP = NO;
				DEBUG_INFORMATION_FORMAT = "dwarf-with-dsym";
				ENABLE_NS_ASSERTIONS = NO;
				ENABLE_STRICT_OBJC_MSGSEND = YES;
				GCC_C_LANGUAGE_STANDARD = gnu11;
				GCC_NO_COMMON_BLOCKS = YES;
				GCC_WARN_64_TO_32_BIT_CONVERSION = YES;
				GCC_WARN_ABOUT_RETURN_TYPE = YES_ERROR;
				GCC_WARN_UNDECLARED_SELECTOR = YES;
				GCC_WARN_UNINITIALIZED_AUTOS = YES_AGGRESSIVE;
				GCC_WARN_UNUSED_FUNCTION = YES;
				GCC_WARN_UNUSED_VARIABLE = YES;
				IPHONEOS_DEPLOYMENT_TARGET = 11.0;
				MTL_ENABLE_DEBUG_INFO = NO;
				SDKROOT = iphoneos;
				SWIFT_OPTIMIZATION_LEVEL = "-Owholemodule";
				VALIDATE_PRODUCT = YES;
			};
			name = Release;
		};
		9FB9B67B1F8BDE1F004B26A9 /* Debug */ = {
			isa = XCBuildConfiguration;
			baseConfigurationReference = 3445F274D5BC1B6DDD6BAA7E /* Pods-FeedrApp.debug.xcconfig */;
			buildSettings = {
				ASSETCATALOG_COMPILER_APPICON_NAME = AppIcon;
				CLANG_ENABLE_MODULES = YES;
				CODE_SIGN_STYLE = Automatic;
				DEVELOPMENT_TEAM = U87NUN88W4;
				INFOPLIST_FILE = FeedrApp/Info.plist;
				LD_RUNPATH_SEARCH_PATHS = "$(inherited) @executable_path/Frameworks";
				PRODUCT_BUNDLE_IDENTIFIER = com.JamesPerry.FeedrApp;
				PRODUCT_NAME = "$(TARGET_NAME)";
				SWIFT_OBJC_BRIDGING_HEADER = "FeedrApp/FeedrApp-Bridging-Header.h";
				SWIFT_OPTIMIZATION_LEVEL = "-Onone";
				SWIFT_VERSION = 4.0;
				TARGETED_DEVICE_FAMILY = "1,2";
			};
			name = Debug;
		};
		9FB9B67C1F8BDE1F004B26A9 /* Release */ = {
			isa = XCBuildConfiguration;
			baseConfigurationReference = 6125126367FCF7B8590F21E6 /* Pods-FeedrApp.release.xcconfig */;
			buildSettings = {
				ASSETCATALOG_COMPILER_APPICON_NAME = AppIcon;
				CLANG_ENABLE_MODULES = YES;
				CODE_SIGN_STYLE = Automatic;
				DEVELOPMENT_TEAM = U87NUN88W4;
				INFOPLIST_FILE = FeedrApp/Info.plist;
				LD_RUNPATH_SEARCH_PATHS = "$(inherited) @executable_path/Frameworks";
				PRODUCT_BUNDLE_IDENTIFIER = com.JamesPerry.FeedrApp;
				PRODUCT_NAME = "$(TARGET_NAME)";
				SWIFT_OBJC_BRIDGING_HEADER = "FeedrApp/FeedrApp-Bridging-Header.h";
				SWIFT_VERSION = 4.0;
				TARGETED_DEVICE_FAMILY = "1,2";
			};
			name = Release;
		};
		9FB9B67E1F8BDE1F004B26A9 /* Debug */ = {
			isa = XCBuildConfiguration;
			baseConfigurationReference = B3A621FE064A2FF38CA16B30 /* Pods-FeedrAppTests.debug.xcconfig */;
			buildSettings = {
				ALWAYS_EMBED_SWIFT_STANDARD_LIBRARIES = YES;
				BUNDLE_LOADER = "$(TEST_HOST)";
				CODE_SIGN_STYLE = Automatic;
				INFOPLIST_FILE = FeedrAppTests/Info.plist;
				LD_RUNPATH_SEARCH_PATHS = "$(inherited) @executable_path/Frameworks @loader_path/Frameworks";
				PRODUCT_BUNDLE_IDENTIFIER = com.JamesPerry.FeedrAppTests;
				PRODUCT_NAME = "$(TARGET_NAME)";
				SWIFT_VERSION = 4.0;
				TARGETED_DEVICE_FAMILY = "1,2";
				TEST_HOST = "$(BUILT_PRODUCTS_DIR)/FeedrApp.app/FeedrApp";
			};
			name = Debug;
		};
		9FB9B67F1F8BDE1F004B26A9 /* Release */ = {
			isa = XCBuildConfiguration;
			baseConfigurationReference = B8D1A32F45FBEF3FBB62B6BD /* Pods-FeedrAppTests.release.xcconfig */;
			buildSettings = {
				ALWAYS_EMBED_SWIFT_STANDARD_LIBRARIES = YES;
				BUNDLE_LOADER = "$(TEST_HOST)";
				CODE_SIGN_STYLE = Automatic;
				INFOPLIST_FILE = FeedrAppTests/Info.plist;
				LD_RUNPATH_SEARCH_PATHS = "$(inherited) @executable_path/Frameworks @loader_path/Frameworks";
				PRODUCT_BUNDLE_IDENTIFIER = com.JamesPerry.FeedrAppTests;
				PRODUCT_NAME = "$(TARGET_NAME)";
				SWIFT_VERSION = 4.0;
				TARGETED_DEVICE_FAMILY = "1,2";
				TEST_HOST = "$(BUILT_PRODUCTS_DIR)/FeedrApp.app/FeedrApp";
			};
			name = Release;
		};
		9FB9B6811F8BDE1F004B26A9 /* Debug */ = {
			isa = XCBuildConfiguration;
			baseConfigurationReference = F0B62A95F058969E17C93912 /* Pods-FeedrAppUITests.debug.xcconfig */;
			buildSettings = {
				ALWAYS_EMBED_SWIFT_STANDARD_LIBRARIES = YES;
				CODE_SIGN_STYLE = Automatic;
				INFOPLIST_FILE = FeedrAppUITests/Info.plist;
				LD_RUNPATH_SEARCH_PATHS = "$(inherited) @executable_path/Frameworks @loader_path/Frameworks";
				PRODUCT_BUNDLE_IDENTIFIER = com.JamesPerry.FeedrAppUITests;
				PRODUCT_NAME = "$(TARGET_NAME)";
				SWIFT_VERSION = 4.0;
				TARGETED_DEVICE_FAMILY = "1,2";
				TEST_TARGET_NAME = FeedrApp;
			};
			name = Debug;
		};
		9FB9B6821F8BDE1F004B26A9 /* Release */ = {
			isa = XCBuildConfiguration;
			baseConfigurationReference = 181B7369D4DD76A6B1A62716 /* Pods-FeedrAppUITests.release.xcconfig */;
			buildSettings = {
				ALWAYS_EMBED_SWIFT_STANDARD_LIBRARIES = YES;
				CODE_SIGN_STYLE = Automatic;
				INFOPLIST_FILE = FeedrAppUITests/Info.plist;
				LD_RUNPATH_SEARCH_PATHS = "$(inherited) @executable_path/Frameworks @loader_path/Frameworks";
				PRODUCT_BUNDLE_IDENTIFIER = com.JamesPerry.FeedrAppUITests;
				PRODUCT_NAME = "$(TARGET_NAME)";
				SWIFT_VERSION = 4.0;
				TARGETED_DEVICE_FAMILY = "1,2";
				TEST_TARGET_NAME = FeedrApp;
			};
			name = Release;
		};
/* End XCBuildConfiguration section */

/* Begin XCConfigurationList section */
		9FB9B64B1F8BDE1E004B26A9 /* Build configuration list for PBXProject "FeedrApp" */ = {
			isa = XCConfigurationList;
			buildConfigurations = (
				9FB9B6781F8BDE1F004B26A9 /* Debug */,
				9FB9B6791F8BDE1F004B26A9 /* Release */,
			);
			defaultConfigurationIsVisible = 0;
			defaultConfigurationName = Release;
		};
		9FB9B67A1F8BDE1F004B26A9 /* Build configuration list for PBXNativeTarget "FeedrApp" */ = {
			isa = XCConfigurationList;
			buildConfigurations = (
				9FB9B67B1F8BDE1F004B26A9 /* Debug */,
				9FB9B67C1F8BDE1F004B26A9 /* Release */,
			);
			defaultConfigurationIsVisible = 0;
			defaultConfigurationName = Release;
		};
		9FB9B67D1F8BDE1F004B26A9 /* Build configuration list for PBXNativeTarget "FeedrAppTests" */ = {
			isa = XCConfigurationList;
			buildConfigurations = (
				9FB9B67E1F8BDE1F004B26A9 /* Debug */,
				9FB9B67F1F8BDE1F004B26A9 /* Release */,
			);
			defaultConfigurationIsVisible = 0;
			defaultConfigurationName = Release;
		};
		9FB9B6801F8BDE1F004B26A9 /* Build configuration list for PBXNativeTarget "FeedrAppUITests" */ = {
			isa = XCConfigurationList;
			buildConfigurations = (
				9FB9B6811F8BDE1F004B26A9 /* Debug */,
				9FB9B6821F8BDE1F004B26A9 /* Release */,
			);
			defaultConfigurationIsVisible = 0;
			defaultConfigurationName = Release;
		};
/* End XCConfigurationList section */
	};
	rootObject = 9FB9B6481F8BDE1E004B26A9 /* Project object */;
}
